// !$*UTF8*$!
{
	archiveVersion = 1;
	classes = {
	};
	objectVersion = 52;
	objects = {

/* Begin PBXBuildFile section */
		0B075B2B256DBBFE0095C926 /* AppDelegate.swift in Sources */ = {isa = PBXBuildFile; fileRef = 0B075B2A256DBBFE0095C926 /* AppDelegate.swift */; };
		0B075B2D256DBBFE0095C926 /* SceneDelegate.swift in Sources */ = {isa = PBXBuildFile; fileRef = 0B075B2C256DBBFE0095C926 /* SceneDelegate.swift */; };
		0B075B2F256DBBFE0095C926 /* ContentView.swift in Sources */ = {isa = PBXBuildFile; fileRef = 0B075B2E256DBBFE0095C926 /* ContentView.swift */; };
		0B075B31256DBC050095C926 /* Assets.xcassets in Resources */ = {isa = PBXBuildFile; fileRef = 0B075B30256DBC050095C926 /* Assets.xcassets */; };
		0B075B34256DBC050095C926 /* Preview Assets.xcassets in Resources */ = {isa = PBXBuildFile; fileRef = 0B075B33256DBC050095C926 /* Preview Assets.xcassets */; };
		0B075B37256DBC050095C926 /* LaunchScreen.storyboard in Resources */ = {isa = PBXBuildFile; fileRef = 0B075B35256DBC050095C926 /* LaunchScreen.storyboard */; };
		0B075B42256DBC050095C926 /* BrazeSDKIntegrationTests.swift in Sources */ = {isa = PBXBuildFile; fileRef = 0B075B41256DBC050095C926 /* BrazeSDKIntegrationTests.swift */; };
		0B075B4D256DBC050095C926 /* BrazeSDKIntegrationUITests.swift in Sources */ = {isa = PBXBuildFile; fileRef = 0B075B4C256DBC050095C926 /* BrazeSDKIntegrationUITests.swift */; };
		0B2BE274257AA9DA003E6493 /* CustomContentCardVC.swift in Sources */ = {isa = PBXBuildFile; fileRef = 0B2BE273257AA9DA003E6493 /* CustomContentCardVC.swift */; };
		0B2BE27A257AC159003E6493 /* ClassicCardCell.swift in Sources */ = {isa = PBXBuildFile; fileRef = 0B2BE279257AC159003E6493 /* ClassicCardCell.swift */; };
		0B8E05F025756DDC009BF48E /* AppboyUI in Frameworks */ = {isa = PBXBuildFile; productRef = 0B8E05EF25756DDC009BF48E /* AppboyUI */; };
		0B8E060425758193009BF48E /* LoginVC.swift in Sources */ = {isa = PBXBuildFile; fileRef = 0B8E060325758193009BF48E /* LoginVC.swift */; };
		0B8E06102575999A009BF48E /* Stevia in Frameworks */ = {isa = PBXBuildFile; productRef = 0B8E060F2575999A009BF48E /* Stevia */; };
		0BB344F225B24FFF00F64F8A /* LoginCell.swift in Sources */ = {isa = PBXBuildFile; fileRef = 0BB344F125B24FFF00F64F8A /* LoginCell.swift */; };
		0BB344F725B2532600F64F8A /* UserAnalyticsCell.swift in Sources */ = {isa = PBXBuildFile; fileRef = 0BB344F625B2532600F64F8A /* UserAnalyticsCell.swift */; };
		0BB344FC25B25AFC00F64F8A /* TableviewCellAlertProtocol.swift in Sources */ = {isa = PBXBuildFile; fileRef = 0BB344FB25B25AFC00F64F8A /* TableviewCellAlertProtocol.swift */; };
		0BB3450525B2624C00F64F8A /* CustomTextField.swift in Sources */ = {isa = PBXBuildFile; fileRef = 0BB3450425B2624C00F64F8A /* CustomTextField.swift */; };
/* End PBXBuildFile section */

/* Begin PBXContainerItemProxy section */
		0B075B3E256DBC050095C926 /* PBXContainerItemProxy */ = {
			isa = PBXContainerItemProxy;
			containerPortal = 0B075B1F256DBBFE0095C926 /* Project object */;
			proxyType = 1;
			remoteGlobalIDString = 0B075B26256DBBFE0095C926;
			remoteInfo = BrazeSDKIntegration;
		};
		0B075B49256DBC050095C926 /* PBXContainerItemProxy */ = {
			isa = PBXContainerItemProxy;
			containerPortal = 0B075B1F256DBBFE0095C926 /* Project object */;
			proxyType = 1;
			remoteGlobalIDString = 0B075B26256DBBFE0095C926;
			remoteInfo = BrazeSDKIntegration;
		};
/* End PBXContainerItemProxy section */

/* Begin PBXFileReference section */
		0B075B27256DBBFE0095C926 /* BrazeSDKIntegration.app */ = {isa = PBXFileReference; explicitFileType = wrapper.application; includeInIndex = 0; path = BrazeSDKIntegration.app; sourceTree = BUILT_PRODUCTS_DIR; };
		0B075B2A256DBBFE0095C926 /* AppDelegate.swift */ = {isa = PBXFileReference; lastKnownFileType = sourcecode.swift; path = AppDelegate.swift; sourceTree = "<group>"; };
		0B075B2C256DBBFE0095C926 /* SceneDelegate.swift */ = {isa = PBXFileReference; lastKnownFileType = sourcecode.swift; path = SceneDelegate.swift; sourceTree = "<group>"; };
		0B075B2E256DBBFE0095C926 /* ContentView.swift */ = {isa = PBXFileReference; lastKnownFileType = sourcecode.swift; path = ContentView.swift; sourceTree = "<group>"; };
		0B075B30256DBC050095C926 /* Assets.xcassets */ = {isa = PBXFileReference; lastKnownFileType = folder.assetcatalog; path = Assets.xcassets; sourceTree = "<group>"; };
		0B075B33256DBC050095C926 /* Preview Assets.xcassets */ = {isa = PBXFileReference; lastKnownFileType = folder.assetcatalog; path = "Preview Assets.xcassets"; sourceTree = "<group>"; };
		0B075B36256DBC050095C926 /* Base */ = {isa = PBXFileReference; lastKnownFileType = file.storyboard; name = Base; path = Base.lproj/LaunchScreen.storyboard; sourceTree = "<group>"; };
		0B075B38256DBC050095C926 /* Info.plist */ = {isa = PBXFileReference; lastKnownFileType = text.plist.xml; path = Info.plist; sourceTree = "<group>"; };
		0B075B3D256DBC050095C926 /* BrazeSDKIntegrationTests.xctest */ = {isa = PBXFileReference; explicitFileType = wrapper.cfbundle; includeInIndex = 0; path = BrazeSDKIntegrationTests.xctest; sourceTree = BUILT_PRODUCTS_DIR; };
		0B075B41256DBC050095C926 /* BrazeSDKIntegrationTests.swift */ = {isa = PBXFileReference; lastKnownFileType = sourcecode.swift; path = BrazeSDKIntegrationTests.swift; sourceTree = "<group>"; };
		0B075B43256DBC050095C926 /* Info.plist */ = {isa = PBXFileReference; lastKnownFileType = text.plist.xml; path = Info.plist; sourceTree = "<group>"; };
		0B075B48256DBC050095C926 /* BrazeSDKIntegrationUITests.xctest */ = {isa = PBXFileReference; explicitFileType = wrapper.cfbundle; includeInIndex = 0; path = BrazeSDKIntegrationUITests.xctest; sourceTree = BUILT_PRODUCTS_DIR; };
		0B075B4C256DBC050095C926 /* BrazeSDKIntegrationUITests.swift */ = {isa = PBXFileReference; lastKnownFileType = sourcecode.swift; path = BrazeSDKIntegrationUITests.swift; sourceTree = "<group>"; };
		0B075B4E256DBC050095C926 /* Info.plist */ = {isa = PBXFileReference; lastKnownFileType = text.plist.xml; path = Info.plist; sourceTree = "<group>"; };
		0B2BE273257AA9DA003E6493 /* CustomContentCardVC.swift */ = {isa = PBXFileReference; lastKnownFileType = sourcecode.swift; path = CustomContentCardVC.swift; sourceTree = "<group>"; };
		0B2BE279257AC159003E6493 /* ClassicCardCell.swift */ = {isa = PBXFileReference; lastKnownFileType = sourcecode.swift; path = ClassicCardCell.swift; sourceTree = "<group>"; };
		0B8E060325758193009BF48E /* LoginVC.swift */ = {isa = PBXFileReference; lastKnownFileType = sourcecode.swift; path = LoginVC.swift; sourceTree = "<group>"; };
		0BA9AC5D25A4D04900F2479E /* BrazeSDKIntegration.entitlements */ = {isa = PBXFileReference; lastKnownFileType = text.plist.entitlements; path = BrazeSDKIntegration.entitlements; sourceTree = "<group>"; };
		0BB344F125B24FFF00F64F8A /* LoginCell.swift */ = {isa = PBXFileReference; lastKnownFileType = sourcecode.swift; path = LoginCell.swift; sourceTree = "<group>"; };
		0BB344F625B2532600F64F8A /* UserAnalyticsCell.swift */ = {isa = PBXFileReference; lastKnownFileType = sourcecode.swift; path = UserAnalyticsCell.swift; sourceTree = "<group>"; };
		0BB344FB25B25AFC00F64F8A /* TableviewCellAlertProtocol.swift */ = {isa = PBXFileReference; lastKnownFileType = sourcecode.swift; path = TableviewCellAlertProtocol.swift; sourceTree = "<group>"; };
		0BB3450425B2624C00F64F8A /* CustomTextField.swift */ = {isa = PBXFileReference; lastKnownFileType = sourcecode.swift; path = CustomTextField.swift; sourceTree = "<group>"; };
/* End PBXFileReference section */

/* Begin PBXFrameworksBuildPhase section */
		0B075B24256DBBFE0095C926 /* Frameworks */ = {
			isa = PBXFrameworksBuildPhase;
			buildActionMask = 2147483647;
			files = (
				0B8E06102575999A009BF48E /* Stevia in Frameworks */,
				0B8E05F025756DDC009BF48E /* AppboyUI in Frameworks */,
			);
			runOnlyForDeploymentPostprocessing = 0;
		};
		0B075B3A256DBC050095C926 /* Frameworks */ = {
			isa = PBXFrameworksBuildPhase;
			buildActionMask = 2147483647;
			files = (
			);
			runOnlyForDeploymentPostprocessing = 0;
		};
		0B075B45256DBC050095C926 /* Frameworks */ = {
			isa = PBXFrameworksBuildPhase;
			buildActionMask = 2147483647;
			files = (
			);
			runOnlyForDeploymentPostprocessing = 0;
		};
/* End PBXFrameworksBuildPhase section */

/* Begin PBXGroup section */
		0B075B1E256DBBFE0095C926 = {
			isa = PBXGroup;
			children = (
				0B075B29256DBBFE0095C926 /* BrazeSDKIntegration */,
				0B075B40256DBC050095C926 /* BrazeSDKIntegrationTests */,
				0B075B4B256DBC050095C926 /* BrazeSDKIntegrationUITests */,
				0B075B28256DBBFE0095C926 /* Products */,
			);
			sourceTree = "<group>";
		};
		0B075B28256DBBFE0095C926 /* Products */ = {
			isa = PBXGroup;
			children = (
				0B075B27256DBBFE0095C926 /* BrazeSDKIntegration.app */,
				0B075B3D256DBC050095C926 /* BrazeSDKIntegrationTests.xctest */,
				0B075B48256DBC050095C926 /* BrazeSDKIntegrationUITests.xctest */,
			);
			name = Products;
			sourceTree = "<group>";
		};
		0B075B29256DBBFE0095C926 /* BrazeSDKIntegration */ = {
			isa = PBXGroup;
			children = (
				0BA9AC5D25A4D04900F2479E /* BrazeSDKIntegration.entitlements */,
				0B2BE278257AC116003E6493 /* View */,
				0B8E05F725757CAB009BF48E /* ViewControllers */,
				0B075B2A256DBBFE0095C926 /* AppDelegate.swift */,
				0B075B2C256DBBFE0095C926 /* SceneDelegate.swift */,
				0B075B2E256DBBFE0095C926 /* ContentView.swift */,
				0B075B30256DBC050095C926 /* Assets.xcassets */,
				0B075B35256DBC050095C926 /* LaunchScreen.storyboard */,
				0B075B38256DBC050095C926 /* Info.plist */,
				0B075B32256DBC050095C926 /* Preview Content */,
			);
			path = BrazeSDKIntegration;
			sourceTree = "<group>";
		};
		0B075B32256DBC050095C926 /* Preview Content */ = {
			isa = PBXGroup;
			children = (
				0B075B33256DBC050095C926 /* Preview Assets.xcassets */,
			);
			path = "Preview Content";
			sourceTree = "<group>";
		};
		0B075B40256DBC050095C926 /* BrazeSDKIntegrationTests */ = {
			isa = PBXGroup;
			children = (
				0B075B41256DBC050095C926 /* BrazeSDKIntegrationTests.swift */,
				0B075B43256DBC050095C926 /* Info.plist */,
			);
			path = BrazeSDKIntegrationTests;
			sourceTree = "<group>";
		};
		0B075B4B256DBC050095C926 /* BrazeSDKIntegrationUITests */ = {
			isa = PBXGroup;
			children = (
				0B075B4C256DBC050095C926 /* BrazeSDKIntegrationUITests.swift */,
				0B075B4E256DBC050095C926 /* Info.plist */,
			);
			path = BrazeSDKIntegrationUITests;
			sourceTree = "<group>";
		};
		0B2BE278257AC116003E6493 /* View */ = {
			isa = PBXGroup;
			children = (
				0BB3450325B261CA00F64F8A /* TableViewCell */,
				0BB344FB25B25AFC00F64F8A /* TableviewCellAlertProtocol.swift */,
				0BB3450425B2624C00F64F8A /* CustomTextField.swift */,
			);
			path = View;
			sourceTree = "<group>";
		};
		0B8E05F725757CAB009BF48E /* ViewControllers */ = {
			isa = PBXGroup;
			children = (
				0B8E060325758193009BF48E /* LoginVC.swift */,
				0B2BE273257AA9DA003E6493 /* CustomContentCardVC.swift */,
			);
			path = ViewControllers;
			sourceTree = "<group>";
		};
		0BB3450325B261CA00F64F8A /* TableViewCell */ = {
			isa = PBXGroup;
			children = (
				0BB344F625B2532600F64F8A /* UserAnalyticsCell.swift */,
				0BB344F125B24FFF00F64F8A /* LoginCell.swift */,
				0B2BE279257AC159003E6493 /* ClassicCardCell.swift */,
			);
			path = TableViewCell;
			sourceTree = "<group>";
		};
/* End PBXGroup section */

/* Begin PBXNativeTarget section */
		0B075B26256DBBFE0095C926 /* BrazeSDKIntegration */ = {
			isa = PBXNativeTarget;
			buildConfigurationList = 0B075B51256DBC050095C926 /* Build configuration list for PBXNativeTarget "BrazeSDKIntegration" */;
			buildPhases = (
				0B075B23256DBBFE0095C926 /* Sources */,
				0B075B24256DBBFE0095C926 /* Frameworks */,
				0B075B25256DBBFE0095C926 /* Resources */,
			);
			buildRules = (
			);
			dependencies = (
			);
			name = BrazeSDKIntegration;
			packageProductDependencies = (
				0B8E05EF25756DDC009BF48E /* AppboyUI */,
				0B8E060F2575999A009BF48E /* Stevia */,
			);
			productName = BrazeSDKIntegration;
			productReference = 0B075B27256DBBFE0095C926 /* BrazeSDKIntegration.app */;
			productType = "com.apple.product-type.application";
		};
		0B075B3C256DBC050095C926 /* BrazeSDKIntegrationTests */ = {
			isa = PBXNativeTarget;
			buildConfigurationList = 0B075B54256DBC050095C926 /* Build configuration list for PBXNativeTarget "BrazeSDKIntegrationTests" */;
			buildPhases = (
				0B075B39256DBC050095C926 /* Sources */,
				0B075B3A256DBC050095C926 /* Frameworks */,
				0B075B3B256DBC050095C926 /* Resources */,
			);
			buildRules = (
			);
			dependencies = (
				0B075B3F256DBC050095C926 /* PBXTargetDependency */,
			);
			name = BrazeSDKIntegrationTests;
			productName = BrazeSDKIntegrationTests;
			productReference = 0B075B3D256DBC050095C926 /* BrazeSDKIntegrationTests.xctest */;
			productType = "com.apple.product-type.bundle.unit-test";
		};
		0B075B47256DBC050095C926 /* BrazeSDKIntegrationUITests */ = {
			isa = PBXNativeTarget;
			buildConfigurationList = 0B075B57256DBC050095C926 /* Build configuration list for PBXNativeTarget "BrazeSDKIntegrationUITests" */;
			buildPhases = (
				0B075B44256DBC050095C926 /* Sources */,
				0B075B45256DBC050095C926 /* Frameworks */,
				0B075B46256DBC050095C926 /* Resources */,
			);
			buildRules = (
			);
			dependencies = (
				0B075B4A256DBC050095C926 /* PBXTargetDependency */,
			);
			name = BrazeSDKIntegrationUITests;
			productName = BrazeSDKIntegrationUITests;
			productReference = 0B075B48256DBC050095C926 /* BrazeSDKIntegrationUITests.xctest */;
			productType = "com.apple.product-type.bundle.ui-testing";
		};
/* End PBXNativeTarget section */

/* Begin PBXProject section */
		0B075B1F256DBBFE0095C926 /* Project object */ = {
			isa = PBXProject;
			attributes = {
				LastSwiftUpdateCheck = 1220;
				LastUpgradeCheck = 1220;
				TargetAttributes = {
					0B075B26256DBBFE0095C926 = {
						CreatedOnToolsVersion = 12.2;
					};
					0B075B3C256DBC050095C926 = {
						CreatedOnToolsVersion = 12.2;
						TestTargetID = 0B075B26256DBBFE0095C926;
					};
					0B075B47256DBC050095C926 = {
						CreatedOnToolsVersion = 12.2;
						TestTargetID = 0B075B26256DBBFE0095C926;
					};
				};
			};
			buildConfigurationList = 0B075B22256DBBFE0095C926 /* Build configuration list for PBXProject "BrazeSDKIntegration" */;
			compatibilityVersion = "Xcode 9.3";
			developmentRegion = en;
			hasScannedForEncodings = 0;
			knownRegions = (
				en,
				Base,
			);
			mainGroup = 0B075B1E256DBBFE0095C926;
			packageReferences = (
				0B8E05EE25756DDC009BF48E /* XCRemoteSwiftPackageReference "appboy-ios-sdk" */,
				0B8E060E2575999A009BF48E /* XCRemoteSwiftPackageReference "Stevia" */,
			);
			productRefGroup = 0B075B28256DBBFE0095C926 /* Products */;
			projectDirPath = "";
			projectRoot = "";
			targets = (
				0B075B26256DBBFE0095C926 /* BrazeSDKIntegration */,
				0B075B3C256DBC050095C926 /* BrazeSDKIntegrationTests */,
				0B075B47256DBC050095C926 /* BrazeSDKIntegrationUITests */,
			);
		};
/* End PBXProject section */

/* Begin PBXResourcesBuildPhase section */
		0B075B25256DBBFE0095C926 /* Resources */ = {
			isa = PBXResourcesBuildPhase;
			buildActionMask = 2147483647;
			files = (
				0B075B37256DBC050095C926 /* LaunchScreen.storyboard in Resources */,
				0B075B34256DBC050095C926 /* Preview Assets.xcassets in Resources */,
				0B075B31256DBC050095C926 /* Assets.xcassets in Resources */,
			);
			runOnlyForDeploymentPostprocessing = 0;
		};
		0B075B3B256DBC050095C926 /* Resources */ = {
			isa = PBXResourcesBuildPhase;
			buildActionMask = 2147483647;
			files = (
			);
			runOnlyForDeploymentPostprocessing = 0;
		};
		0B075B46256DBC050095C926 /* Resources */ = {
			isa = PBXResourcesBuildPhase;
			buildActionMask = 2147483647;
			files = (
			);
			runOnlyForDeploymentPostprocessing = 0;
		};
/* End PBXResourcesBuildPhase section */

/* Begin PBXSourcesBuildPhase section */
		0B075B23256DBBFE0095C926 /* Sources */ = {
			isa = PBXSourcesBuildPhase;
			buildActionMask = 2147483647;
			files = (
				0B8E060425758193009BF48E /* LoginVC.swift in Sources */,
				0BB344F725B2532600F64F8A /* UserAnalyticsCell.swift in Sources */,
				0BB344F225B24FFF00F64F8A /* LoginCell.swift in Sources */,
				0BB344FC25B25AFC00F64F8A /* TableviewCellAlertProtocol.swift in Sources */,
				0BB3450525B2624C00F64F8A /* CustomTextField.swift in Sources */,
				0B075B2B256DBBFE0095C926 /* AppDelegate.swift in Sources */,
				0B2BE274257AA9DA003E6493 /* CustomContentCardVC.swift in Sources */,
				0B075B2D256DBBFE0095C926 /* SceneDelegate.swift in Sources */,
				0B2BE27A257AC159003E6493 /* ClassicCardCell.swift in Sources */,
				0B075B2F256DBBFE0095C926 /* ContentView.swift in Sources */,
			);
			runOnlyForDeploymentPostprocessing = 0;
		};
		0B075B39256DBC050095C926 /* Sources */ = {
			isa = PBXSourcesBuildPhase;
			buildActionMask = 2147483647;
			files = (
				0B075B42256DBC050095C926 /* BrazeSDKIntegrationTests.swift in Sources */,
			);
			runOnlyForDeploymentPostprocessing = 0;
		};
		0B075B44256DBC050095C926 /* Sources */ = {
			isa = PBXSourcesBuildPhase;
			buildActionMask = 2147483647;
			files = (
				0B075B4D256DBC050095C926 /* BrazeSDKIntegrationUITests.swift in Sources */,
			);
			runOnlyForDeploymentPostprocessing = 0;
		};
/* End PBXSourcesBuildPhase section */

/* Begin PBXTargetDependency section */
		0B075B3F256DBC050095C926 /* PBXTargetDependency */ = {
			isa = PBXTargetDependency;
			target = 0B075B26256DBBFE0095C926 /* BrazeSDKIntegration */;
			targetProxy = 0B075B3E256DBC050095C926 /* PBXContainerItemProxy */;
		};
		0B075B4A256DBC050095C926 /* PBXTargetDependency */ = {
			isa = PBXTargetDependency;
			target = 0B075B26256DBBFE0095C926 /* BrazeSDKIntegration */;
			targetProxy = 0B075B49256DBC050095C926 /* PBXContainerItemProxy */;
		};
/* End PBXTargetDependency section */

/* Begin PBXVariantGroup section */
		0B075B35256DBC050095C926 /* LaunchScreen.storyboard */ = {
			isa = PBXVariantGroup;
			children = (
				0B075B36256DBC050095C926 /* Base */,
			);
			name = LaunchScreen.storyboard;
			sourceTree = "<group>";
		};
/* End PBXVariantGroup section */

/* Begin XCBuildConfiguration section */
		0B075B4F256DBC050095C926 /* Debug */ = {
			isa = XCBuildConfiguration;
			buildSettings = {
				ALWAYS_SEARCH_USER_PATHS = NO;
				CLANG_ANALYZER_NONNULL = YES;
				CLANG_ANALYZER_NUMBER_OBJECT_CONVERSION = YES_AGGRESSIVE;
				CLANG_CXX_LANGUAGE_STANDARD = "gnu++14";
				CLANG_CXX_LIBRARY = "libc++";
				CLANG_ENABLE_MODULES = YES;
				CLANG_ENABLE_OBJC_ARC = YES;
				CLANG_ENABLE_OBJC_WEAK = YES;
				CLANG_WARN_BLOCK_CAPTURE_AUTORELEASING = YES;
				CLANG_WARN_BOOL_CONVERSION = YES;
				CLANG_WARN_COMMA = YES;
				CLANG_WARN_CONSTANT_CONVERSION = YES;
				CLANG_WARN_DEPRECATED_OBJC_IMPLEMENTATIONS = YES;
				CLANG_WARN_DIRECT_OBJC_ISA_USAGE = YES_ERROR;
				CLANG_WARN_DOCUMENTATION_COMMENTS = YES;
				CLANG_WARN_EMPTY_BODY = YES;
				CLANG_WARN_ENUM_CONVERSION = YES;
				CLANG_WARN_INFINITE_RECURSION = YES;
				CLANG_WARN_INT_CONVERSION = YES;
				CLANG_WARN_NON_LITERAL_NULL_CONVERSION = YES;
				CLANG_WARN_OBJC_IMPLICIT_RETAIN_SELF = YES;
				CLANG_WARN_OBJC_LITERAL_CONVERSION = YES;
				CLANG_WARN_OBJC_ROOT_CLASS = YES_ERROR;
				CLANG_WARN_QUOTED_INCLUDE_IN_FRAMEWORK_HEADER = YES;
				CLANG_WARN_RANGE_LOOP_ANALYSIS = YES;
				CLANG_WARN_STRICT_PROTOTYPES = YES;
				CLANG_WARN_SUSPICIOUS_MOVE = YES;
				CLANG_WARN_UNGUARDED_AVAILABILITY = YES_AGGRESSIVE;
				CLANG_WARN_UNREACHABLE_CODE = YES;
				CLANG_WARN__DUPLICATE_METHOD_MATCH = YES;
				COPY_PHASE_STRIP = NO;
				DEBUG_INFORMATION_FORMAT = dwarf;
				ENABLE_STRICT_OBJC_MSGSEND = YES;
				ENABLE_TESTABILITY = YES;
				GCC_C_LANGUAGE_STANDARD = gnu11;
				GCC_DYNAMIC_NO_PIC = NO;
				GCC_NO_COMMON_BLOCKS = YES;
				GCC_OPTIMIZATION_LEVEL = 0;
				GCC_PREPROCESSOR_DEFINITIONS = (
					"DEBUG=1",
					"$(inherited)",
				);
				GCC_WARN_64_TO_32_BIT_CONVERSION = YES;
				GCC_WARN_ABOUT_RETURN_TYPE = YES_ERROR;
				GCC_WARN_UNDECLARED_SELECTOR = YES;
				GCC_WARN_UNINITIALIZED_AUTOS = YES_AGGRESSIVE;
				GCC_WARN_UNUSED_FUNCTION = YES;
				GCC_WARN_UNUSED_VARIABLE = YES;
				IPHONEOS_DEPLOYMENT_TARGET = 14.0;
				MTL_ENABLE_DEBUG_INFO = INCLUDE_SOURCE;
				MTL_FAST_MATH = YES;
				ONLY_ACTIVE_ARCH = YES;
				SDKROOT = iphoneos;
				SWIFT_ACTIVE_COMPILATION_CONDITIONS = DEBUG;
				SWIFT_OPTIMIZATION_LEVEL = "-Onone";
			};
			name = Debug;
		};
		0B075B50256DBC050095C926 /* Release */ = {
			isa = XCBuildConfiguration;
			buildSettings = {
				ALWAYS_SEARCH_USER_PATHS = NO;
				CLANG_ANALYZER_NONNULL = YES;
				CLANG_ANALYZER_NUMBER_OBJECT_CONVERSION = YES_AGGRESSIVE;
				CLANG_CXX_LANGUAGE_STANDARD = "gnu++14";
				CLANG_CXX_LIBRARY = "libc++";
				CLANG_ENABLE_MODULES = YES;
				CLANG_ENABLE_OBJC_ARC = YES;
				CLANG_ENABLE_OBJC_WEAK = YES;
				CLANG_WARN_BLOCK_CAPTURE_AUTORELEASING = YES;
				CLANG_WARN_BOOL_CONVERSION = YES;
				CLANG_WARN_COMMA = YES;
				CLANG_WARN_CONSTANT_CONVERSION = YES;
				CLANG_WARN_DEPRECATED_OBJC_IMPLEMENTATIONS = YES;
				CLANG_WARN_DIRECT_OBJC_ISA_USAGE = YES_ERROR;
				CLANG_WARN_DOCUMENTATION_COMMENTS = YES;
				CLANG_WARN_EMPTY_BODY = YES;
				CLANG_WARN_ENUM_CONVERSION = YES;
				CLANG_WARN_INFINITE_RECURSION = YES;
				CLANG_WARN_INT_CONVERSION = YES;
				CLANG_WARN_NON_LITERAL_NULL_CONVERSION = YES;
				CLANG_WARN_OBJC_IMPLICIT_RETAIN_SELF = YES;
				CLANG_WARN_OBJC_LITERAL_CONVERSION = YES;
				CLANG_WARN_OBJC_ROOT_CLASS = YES_ERROR;
				CLANG_WARN_QUOTED_INCLUDE_IN_FRAMEWORK_HEADER = YES;
				CLANG_WARN_RANGE_LOOP_ANALYSIS = YES;
				CLANG_WARN_STRICT_PROTOTYPES = YES;
				CLANG_WARN_SUSPICIOUS_MOVE = YES;
				CLANG_WARN_UNGUARDED_AVAILABILITY = YES_AGGRESSIVE;
				CLANG_WARN_UNREACHABLE_CODE = YES;
				CLANG_WARN__DUPLICATE_METHOD_MATCH = YES;
				COPY_PHASE_STRIP = NO;
				DEBUG_INFORMATION_FORMAT = "dwarf-with-dsym";
				ENABLE_NS_ASSERTIONS = NO;
				ENABLE_STRICT_OBJC_MSGSEND = YES;
				GCC_C_LANGUAGE_STANDARD = gnu11;
				GCC_NO_COMMON_BLOCKS = YES;
				GCC_WARN_64_TO_32_BIT_CONVERSION = YES;
				GCC_WARN_ABOUT_RETURN_TYPE = YES_ERROR;
				GCC_WARN_UNDECLARED_SELECTOR = YES;
				GCC_WARN_UNINITIALIZED_AUTOS = YES_AGGRESSIVE;
				GCC_WARN_UNUSED_FUNCTION = YES;
				GCC_WARN_UNUSED_VARIABLE = YES;
				IPHONEOS_DEPLOYMENT_TARGET = 14.0;
				MTL_ENABLE_DEBUG_INFO = NO;
				MTL_FAST_MATH = YES;
				SDKROOT = iphoneos;
				SWIFT_COMPILATION_MODE = wholemodule;
				SWIFT_OPTIMIZATION_LEVEL = "-O";
				VALIDATE_PRODUCT = YES;
			};
			name = Release;
		};
		0B075B52256DBC050095C926 /* Debug */ = {
			isa = XCBuildConfiguration;
			buildSettings = {
				ASSETCATALOG_COMPILER_APPICON_NAME = AppIcon;
				ASSETCATALOG_COMPILER_GLOBAL_ACCENT_COLOR_NAME = AccentColor;
				CODE_SIGN_ENTITLEMENTS = BrazeSDKIntegration/BrazeSDKIntegration.entitlements;
				CODE_SIGN_STYLE = Automatic;
				DEVELOPMENT_ASSET_PATHS = "\"BrazeSDKIntegration/Preview Content\"";
				DEVELOPMENT_TEAM = 8XD4G5J9A5;
				ENABLE_PREVIEWS = YES;
				INFOPLIST_FILE = BrazeSDKIntegration/Info.plist;
				LD_RUNPATH_SEARCH_PATHS = (
					"$(inherited)",
					"@executable_path/Frameworks",
				);
				"OTHER_LDFLAGS[arch=*]" = "-ObjC";
				PRODUCT_BUNDLE_IDENTIFIER = nigelfaustino.BrazeSDKIntegration;
				PRODUCT_NAME = "$(TARGET_NAME)";
				SWIFT_VERSION = 5.0;
				TARGETED_DEVICE_FAMILY = "1,2";
			};
			name = Debug;
		};
		0B075B53256DBC050095C926 /* Release */ = {
			isa = XCBuildConfiguration;
			buildSettings = {
				ASSETCATALOG_COMPILER_APPICON_NAME = AppIcon;
				ASSETCATALOG_COMPILER_GLOBAL_ACCENT_COLOR_NAME = AccentColor;
				CODE_SIGN_ENTITLEMENTS = BrazeSDKIntegration/BrazeSDKIntegration.entitlements;
				CODE_SIGN_STYLE = Automatic;
				DEVELOPMENT_ASSET_PATHS = "\"BrazeSDKIntegration/Preview Content\"";
				DEVELOPMENT_TEAM = 8XD4G5J9A5;
				ENABLE_PREVIEWS = YES;
				INFOPLIST_FILE = BrazeSDKIntegration/Info.plist;
				LD_RUNPATH_SEARCH_PATHS = (
					"$(inherited)",
					"@executable_path/Frameworks",
				);
				"OTHER_LDFLAGS[arch=*]" = "-ObjC";
				PRODUCT_BUNDLE_IDENTIFIER = nigelfaustino.BrazeSDKIntegration;
				PRODUCT_NAME = "$(TARGET_NAME)";
				SWIFT_VERSION = 5.0;
				TARGETED_DEVICE_FAMILY = "1,2";
			};
			name = Release;
		};
		0B075B55256DBC050095C926 /* Debug */ = {
			isa = XCBuildConfiguration;
			buildSettings = {
				ALWAYS_EMBED_SWIFT_STANDARD_LIBRARIES = YES;
				BUNDLE_LOADER = "$(TEST_HOST)";
				CODE_SIGN_STYLE = Automatic;
				DEVELOPMENT_TEAM = 8XD4G5J9A5;
				INFOPLIST_FILE = BrazeSDKIntegrationTests/Info.plist;
				IPHONEOS_DEPLOYMENT_TARGET = 14.2;
				LD_RUNPATH_SEARCH_PATHS = (
					"$(inherited)",
					"@executable_path/Frameworks",
					"@loader_path/Frameworks",
				);
				PRODUCT_BUNDLE_IDENTIFIER = nigelfaustino.BrazeSDKIntegrationTests;
				PRODUCT_NAME = "$(TARGET_NAME)";
				SWIFT_VERSION = 5.0;
				TARGETED_DEVICE_FAMILY = "1,2";
				TEST_HOST = "$(BUILT_PRODUCTS_DIR)/BrazeSDKIntegration.app/BrazeSDKIntegration";
			};
			name = Debug;
		};
		0B075B56256DBC050095C926 /* Release */ = {
			isa = XCBuildConfiguration;
			buildSettings = {
				ALWAYS_EMBED_SWIFT_STANDARD_LIBRARIES = YES;
				BUNDLE_LOADER = "$(TEST_HOST)";
				CODE_SIGN_STYLE = Automatic;
				DEVELOPMENT_TEAM = 8XD4G5J9A5;
				INFOPLIST_FILE = BrazeSDKIntegrationTests/Info.plist;
				IPHONEOS_DEPLOYMENT_TARGET = 14.2;
				LD_RUNPATH_SEARCH_PATHS = (
					"$(inherited)",
					"@executable_path/Frameworks",
					"@loader_path/Frameworks",
				);
				PRODUCT_BUNDLE_IDENTIFIER = nigelfaustino.BrazeSDKIntegrationTests;
				PRODUCT_NAME = "$(TARGET_NAME)";
				SWIFT_VERSION = 5.0;
				TARGETED_DEVICE_FAMILY = "1,2";
				TEST_HOST = "$(BUILT_PRODUCTS_DIR)/BrazeSDKIntegration.app/BrazeSDKIntegration";
			};
			name = Release;
		};
		0B075B58256DBC050095C926 /* Debug */ = {
			isa = XCBuildConfiguration;
			buildSettings = {
				ALWAYS_EMBED_SWIFT_STANDARD_LIBRARIES = YES;
				CODE_SIGN_STYLE = Automatic;
				DEVELOPMENT_TEAM = 8XD4G5J9A5;
				INFOPLIST_FILE = BrazeSDKIntegrationUITests/Info.plist;
				LD_RUNPATH_SEARCH_PATHS = (
					"$(inherited)",
					"@executable_path/Frameworks",
					"@loader_path/Frameworks",
				);
				PRODUCT_BUNDLE_IDENTIFIER = nigelfaustino.BrazeSDKIntegrationUITests;
				PRODUCT_NAME = "$(TARGET_NAME)";
				SWIFT_VERSION = 5.0;
				TARGETED_DEVICE_FAMILY = "1,2";
				TEST_TARGET_NAME = BrazeSDKIntegration;
			};
			name = Debug;
		};
		0B075B59256DBC050095C926 /* Release */ = {
			isa = XCBuildConfiguration;
			buildSettings = {
				ALWAYS_EMBED_SWIFT_STANDARD_LIBRARIES = YES;
				CODE_SIGN_STYLE = Automatic;
				DEVELOPMENT_TEAM = 8XD4G5J9A5;
				INFOPLIST_FILE = BrazeSDKIntegrationUITests/Info.plist;
				LD_RUNPATH_SEARCH_PATHS = (
					"$(inherited)",
					"@executable_path/Frameworks",
					"@loader_path/Frameworks",
				);
				PRODUCT_BUNDLE_IDENTIFIER = nigelfaustino.BrazeSDKIntegrationUITests;
				PRODUCT_NAME = "$(TARGET_NAME)";
				SWIFT_VERSION = 5.0;
				TARGETED_DEVICE_FAMILY = "1,2";
				TEST_TARGET_NAME = BrazeSDKIntegration;
			};
			name = Release;
		};
/* End XCBuildConfiguration section */

/* Begin XCConfigurationList section */
		0B075B22256DBBFE0095C926 /* Build configuration list for PBXProject "BrazeSDKIntegration" */ = {
			isa = XCConfigurationList;
			buildConfigurations = (
				0B075B4F256DBC050095C926 /* Debug */,
				0B075B50256DBC050095C926 /* Release */,
			);
			defaultConfigurationIsVisible = 0;
			defaultConfigurationName = Release;
		};
		0B075B51256DBC050095C926 /* Build configuration list for PBXNativeTarget "BrazeSDKIntegration" */ = {
			isa = XCConfigurationList;
			buildConfigurations = (
				0B075B52256DBC050095C926 /* Debug */,
				0B075B53256DBC050095C926 /* Release */,
			);
			defaultConfigurationIsVisible = 0;
			defaultConfigurationName = Release;
		};
		0B075B54256DBC050095C926 /* Build configuration list for PBXNativeTarget "BrazeSDKIntegrationTests" */ = {
			isa = XCConfigurationList;
			buildConfigurations = (
				0B075B55256DBC050095C926 /* Debug */,
				0B075B56256DBC050095C926 /* Release */,
			);
			defaultConfigurationIsVisible = 0;
			defaultConfigurationName = Release;
		};
		0B075B57256DBC050095C926 /* Build configuration list for PBXNativeTarget "BrazeSDKIntegrationUITests" */ = {
			isa = XCConfigurationList;
			buildConfigurations = (
				0B075B58256DBC050095C926 /* Debug */,
				0B075B59256DBC050095C926 /* Release */,
			);
			defaultConfigurationIsVisible = 0;
			defaultConfigurationName = Release;
		};
/* End XCConfigurationList section */

/* Begin XCRemoteSwiftPackageReference section */
		0B8E05EE25756DDC009BF48E /* XCRemoteSwiftPackageReference "appboy-ios-sdk" */ = {
			isa = XCRemoteSwiftPackageReference;
			repositoryURL = "https://github.com/Appboy/appboy-ios-sdk";
			requirement = {
				kind = upToNextMajorVersion;
				minimumVersion = 3.31.0;
			};
		};
		0B8E060E2575999A009BF48E /* XCRemoteSwiftPackageReference "Stevia" */ = {
			isa = XCRemoteSwiftPackageReference;
			repositoryURL = "https://github.com/freshOS/Stevia";
			requirement = {
				kind = upToNextMajorVersion;
				minimumVersion = 5.1.1;
			};
		};
/* End XCRemoteSwiftPackageReference section */

/* Begin XCSwiftPackageProductDependency section */
		0B8E05EF25756DDC009BF48E /* AppboyUI */ = {
			isa = XCSwiftPackageProductDependency;
			package = 0B8E05EE25756DDC009BF48E /* XCRemoteSwiftPackageReference "appboy-ios-sdk" */;
			productName = AppboyUI;
		};
		0B8E060F2575999A009BF48E /* Stevia */ = {
			isa = XCSwiftPackageProductDependency;
			package = 0B8E060E2575999A009BF48E /* XCRemoteSwiftPackageReference "Stevia" */;
			productName = Stevia;
		};
/* End XCSwiftPackageProductDependency section */
	};
	rootObject = 0B075B1F256DBBFE0095C926 /* Project object */;
}
